
Microsoft Visual Studio Solution File, Format Version 12.00
# Visual Studio Version 17
VisualStudioVersion = 17.3.32922.545
MinimumVisualStudioVersion = 10.0.40219.1
Project("{FAE04EC0-301F-11D3-BF4B-00C04F79EFBC}") = "zadatak2", "zadatak2.csproj", "{21052C88-ED82-4E40-A320-0EDBD27189F8}"
EndProject
Project("{E53339B2-1760-4266-BCC7-CA923CBCF16C}") = "docker-compose", "docker-compose.dcproj", "{56604996-68AF-4395-81D6-AD446AF82ABB}"
EndProject
Global
	GlobalSection(SolutionConfigurationPlatforms) = preSolution
		Debug|Any CPU = Debug|Any CPU
		Release|Any CPU = Release|Any CPU
	EndGlobalSection
	GlobalSection(ProjectConfigurationPlatforms) = postSolution
		{21052C88-ED82-4E40-A320-0EDBD27189F8}.Debug|Any CPU.ActiveCfg = Debug|Any CPU
		{21052C88-ED82-4E40-A320-0EDBD27189F8}.Debug|Any CPU.Build.0 = Debug|Any CPU
		{21052C88-ED82-4E40-A320-0EDBD27189F8}.Release|Any CPU.ActiveCfg = Release|Any CPU
		{21052C88-ED82-4E40-A320-0EDBD27189F8}.Release|Any CPU.Build.0 = Release|Any CPU
		{56604996-68AF-4395-81D6-AD446AF82ABB}.Debug|Any CPU.ActiveCfg = Debug|Any CPU
		{56604996-68AF-4395-81D6-AD446AF82ABB}.Debug|Any CPU.Build.0 = Debug|Any CPU
		{56604996-68AF-4395-81D6-AD446AF82ABB}.Release|Any CPU.ActiveCfg = Release|Any CPU
		{56604996-68AF-4395-81D6-AD446AF82ABB}.Release|Any CPU.Build.0 = Release|Any CPU
	EndGlobalSection
	GlobalSection(SolutionProperties) = preSolution
		HideSolutionNode = FALSE
	EndGlobalSection
	GlobalSection(ExtensibilityGlobals) = postSolution
		SolutionGuid = {9B970AB5-1B20-4CBD-ADCE-F361C6D8614B}
	EndGlobalSection
EndGlobal
